
Microsoft Visual Studio Solution File, Format Version 12.00
# Visual Studio 15
VisualStudioVersion = 15.0.28010.2026
MinimumVisualStudioVersion = 10.0.40219.1
Project("{FAE04EC0-301F-11D3-BF4B-00C04F79EFBC}") = "LANMessageSender", "LANMessageSender\LANMessageSender.csproj", "{F81A3F3A-C3DE-4EEB-804B-DF4109528C05}"
EndProject
Project("{FAE04EC0-301F-11D3-BF4B-00C04F79EFBC}") = "LANMessageServer", "LANMessageServer\LANMessageServer.csproj", "{D019A481-42ED-448E-A0E4-3C404651028B}"
EndProject
Global
	GlobalSection(SolutionConfigurationPlatforms) = preSolution
		Debug|Any CPU = Debug|Any CPU
		Release|Any CPU = Release|Any CPU
	EndGlobalSection
	GlobalSection(ProjectConfigurationPlatforms) = postSolution
		{F81A3F3A-C3DE-4EEB-804B-DF4109528C05}.Debug|Any CPU.ActiveCfg = Debug|Any CPU
		{F81A3F3A-C3DE-4EEB-804B-DF4109528C05}.Debug|Any CPU.Build.0 = Debug|Any CPU
		{F81A3F3A-C3DE-4EEB-804B-DF4109528C05}.Release|Any CPU.ActiveCfg = Release|Any CPU
		{F81A3F3A-C3DE-4EEB-804B-DF4109528C05}.Release|Any CPU.Build.0 = Release|Any CPU
		{D019A481-42ED-448E-A0E4-3C404651028B}.Debug|Any CPU.ActiveCfg = Debug|Any CPU
		{D019A481-42ED-448E-A0E4-3C404651028B}.Debug|Any CPU.Build.0 = Debug|Any CPU
		{D019A481-42ED-448E-A0E4-3C404651028B}.Release|Any CPU.ActiveCfg = Release|Any CPU
		{D019A481-42ED-448E-A0E4-3C404651028B}.Release|Any CPU.Build.0 = Release|Any CPU
	EndGlobalSection
	GlobalSection(SolutionProperties) = preSolution
		HideSolutionNode = FALSE
	EndGlobalSection
	GlobalSection(ExtensibilityGlobals) = postSolution
		SolutionGuid = {54CB8791-4F23-4D84-99A4-7546EF1B739A}
	EndGlobalSection
EndGlobal
